
Microsoft Visual Studio Solution File, Format Version 12.00
# Visual Studio Version 17
VisualStudioVersion = 17.3.32922.545
MinimumVisualStudioVersion = 10.0.40219.1
Project("{FAE04EC0-301F-11D3-BF4B-00C04F79EFBC}") = "Exe5_20210140137_Kelompok5", "Exe5_20210140137_Kelompok5\Exe5_20210140137_Kelompok5.csproj", "{3A339010-0CB3-4142-ADFE-09EEBE5548EE}"
EndProject
Global
	GlobalSection(SolutionConfigurationPlatforms) = preSolution
		Debug|Any CPU = Debug|Any CPU
		Release|Any CPU = Release|Any CPU
	EndGlobalSection
	GlobalSection(ProjectConfigurationPlatforms) = postSolution
		{3A339010-0CB3-4142-ADFE-09EEBE5548EE}.Debug|Any CPU.ActiveCfg = Debug|Any CPU
		{3A339010-0CB3-4142-ADFE-09EEBE5548EE}.Debug|Any CPU.Build.0 = Debug|Any CPU
		{3A339010-0CB3-4142-ADFE-09EEBE5548EE}.Release|Any CPU.ActiveCfg = Release|Any CPU
		{3A339010-0CB3-4142-ADFE-09EEBE5548EE}.Release|Any CPU.Build.0 = Release|Any CPU
	EndGlobalSection
	GlobalSection(SolutionProperties) = preSolution
		HideSolutionNode = FALSE
	EndGlobalSection
	GlobalSection(ExtensibilityGlobals) = postSolution
		SolutionGuid = {82F0E5F6-5F18-4AE5-8D24-8202F1E22DDD}
	EndGlobalSection
EndGlobal
